# This file is automatically @generated by Cargo.
# It is not intended for manual editing.
version = 4

[[package]]
name = "cw-capture"
version = "0.1.0"

[[package]]
name = "cw-core"
version = "0.1.0"

[[package]]
name = "cw-daemon"
version = "0.1.0"

[[package]]
name = "cw-ocr"
version = "0.1.0"

[[package]]
name = "cw-sink-hindsight"
version = "0.1.0"

[[package]]
name = "cw-store"
version = "0.1.0"
